// !$*UTF8*$!
{
	archiveVersion = 1;
	classes = {
	};
	objectVersion = 46;
	objects = {

/* Begin PBXBuildFile section */
		8010DC6F1D4FDB51004093F1 /* RBDentalChartViewController.m in Sources */ = {isa = PBXBuildFile; fileRef = 8010DC6E1D4FDB51004093F1 /* RBDentalChartViewController.m */; };
		8010DC711D4FDB60004093F1 /* RBDentalChartViewController.storyboard in Resources */ = {isa = PBXBuildFile; fileRef = 8010DC701D4FDB60004093F1 /* RBDentalChartViewController.storyboard */; };
		8010DC7A1D4FDC63004093F1 /* RBTopToothView.m in Sources */ = {isa = PBXBuildFile; fileRef = 8010DC791D4FDC63004093F1 /* RBTopToothView.m */; };
		8010DC7C1D4FDC6E004093F1 /* RBTopToothView.xib in Resources */ = {isa = PBXBuildFile; fileRef = 8010DC7B1D4FDC6E004093F1 /* RBTopToothView.xib */; };
		8015BB201CF5976A0044E47C /* Appointment.m in Sources */ = {isa = PBXBuildFile; fileRef = 8015BB1F1CF5976A0044E47C /* Appointment.m */; };
		8015BB241CF599C50044E47C /* NewAppointmentViewController.m in Sources */ = {isa = PBXBuildFile; fileRef = 8015BB231CF599C50044E47C /* NewAppointmentViewController.m */; };
		8016E1621D4A8B9300D760DF /* RBAppointmentDetailsViewController.m in Sources */ = {isa = PBXBuildFile; fileRef = 8016E1611D4A8B9300D760DF /* RBAppointmentDetailsViewController.m */; };
		8016E1641D4A8BA700D760DF /* RBAppointmentDetailsViewController.storyboard in Resources */ = {isa = PBXBuildFile; fileRef = 8016E1631D4A8BA700D760DF /* RBAppointmentDetailsViewController.storyboard */; };
		803F7FE81D21C0D400D5EE4B /* AddPatientViewController.m in Sources */ = {isa = PBXBuildFile; fileRef = 803F7FE71D21C0D400D5EE4B /* AddPatientViewController.m */; };
		803F7FEA1D21C0E500D5EE4B /* AddPatientViewController.storyboard in Resources */ = {isa = PBXBuildFile; fileRef = 803F7FE91D21C0E500D5EE4B /* AddPatientViewController.storyboard */; };
		804363371DDDF5DE00ED3BCB /* RBScreenItemTableViewCell.m in Sources */ = {isa = PBXBuildFile; fileRef = 804363351DDDF5DE00ED3BCB /* RBScreenItemTableViewCell.m */; };
		804363381DDDF5DE00ED3BCB /* RBScreenItemTableViewCell.xib in Resources */ = {isa = PBXBuildFile; fileRef = 804363361DDDF5DE00ED3BCB /* RBScreenItemTableViewCell.xib */; };
		8043633E1DDDFAA100ED3BCB /* RBItemTableViewCell.m in Sources */ = {isa = PBXBuildFile; fileRef = 8043633C1DDDFAA100ED3BCB /* RBItemTableViewCell.m */; };
		8043633F1DDDFAA100ED3BCB /* RBItemTableViewCell.xib in Resources */ = {isa = PBXBuildFile; fileRef = 8043633D1DDDFAA100ED3BCB /* RBItemTableViewCell.xib */; };
		804363461DDE225200ED3BCB /* RBScreenViewController.m in Sources */ = {isa = PBXBuildFile; fileRef = 804363451DDE225200ED3BCB /* RBScreenViewController.m */; };
		804363481DDE226200ED3BCB /* RBScreenViewController.storyboard in Resources */ = {isa = PBXBuildFile; fileRef = 804363471DDE226200ED3BCB /* RBScreenViewController.storyboard */; };
		8043634C1DDE268500ED3BCB /* RBMultichoiseScreen.m in Sources */ = {isa = PBXBuildFile; fileRef = 8043634B1DDE268500ED3BCB /* RBMultichoiseScreen.m */; };
		8043634F1DDE515F00ED3BCB /* RBMultiChoiseScreenTableViewController.m in Sources */ = {isa = PBXBuildFile; fileRef = 8043634E1DDE515F00ED3BCB /* RBMultiChoiseScreenTableViewController.m */; };
		804363521DDE517A00ED3BCB /* RBMultiChoiseScreenViewController.storyboard in Resources */ = {isa = PBXBuildFile; fileRef = 804363511DDE517A00ED3BCB /* RBMultiChoiseScreenViewController.storyboard */; };
		804363561DDE576E00ED3BCB /* RBChoiseItem.m in Sources */ = {isa = PBXBuildFile; fileRef = 804363551DDE576E00ED3BCB /* RBChoiseItem.m */; };
		8043635A1DDE579200ED3BCB /* RBChoiseItemTableViewCell.m in Sources */ = {isa = PBXBuildFile; fileRef = 804363581DDE579200ED3BCB /* RBChoiseItemTableViewCell.m */; };
		8043635B1DDE579200ED3BCB /* RBChoiseItemTableViewCell.xib in Resources */ = {isa = PBXBuildFile; fileRef = 804363591DDE579200ED3BCB /* RBChoiseItemTableViewCell.xib */; };
		806301591CF497760041D307 /* Realm.framework in Frameworks */ = {isa = PBXBuildFile; fileRef = 80FA30181CD25DD700B278E3 /* Realm.framework */; };
		8063015A1CF497760041D307 /* Realm.framework in Embed Frameworks */ = {isa = PBXBuildFile; fileRef = 80FA30181CD25DD700B278E3 /* Realm.framework */; settings = {ATTRIBUTES = (CodeSignOnCopy, RemoveHeadersOnCopy, ); }; };
		8063015E1CF4D4C10041D307 /* CalendarViewController.m in Sources */ = {isa = PBXBuildFile; fileRef = 8063015D1CF4D4C10041D307 /* CalendarViewController.m */; };
		806301851CF4D5310041D307 /* JTCalendarManager.m in Sources */ = {isa = PBXBuildFile; fileRef = 806301651CF4D5310041D307 /* JTCalendarManager.m */; };
		806301861CF4D5310041D307 /* JTCalendarSettings.m in Sources */ = {isa = PBXBuildFile; fileRef = 806301671CF4D5310041D307 /* JTCalendarSettings.m */; };
		806301871CF4D5310041D307 /* JTDateHelper.m in Sources */ = {isa = PBXBuildFile; fileRef = 806301691CF4D5310041D307 /* JTDateHelper.m */; };
		806301881CF4D5310041D307 /* JTCalendarDelegateManager.m in Sources */ = {isa = PBXBuildFile; fileRef = 8063016C1CF4D5310041D307 /* JTCalendarDelegateManager.m */; };
		806301891CF4D5310041D307 /* JTCalendarScrollManager.m in Sources */ = {isa = PBXBuildFile; fileRef = 8063016E1CF4D5310041D307 /* JTCalendarScrollManager.m */; };
		8063018A1CF4D5310041D307 /* JTCalendarDayView.m in Sources */ = {isa = PBXBuildFile; fileRef = 806301781CF4D5310041D307 /* JTCalendarDayView.m */; };
		8063018B1CF4D5310041D307 /* JTCalendarMenuView.m in Sources */ = {isa = PBXBuildFile; fileRef = 8063017A1CF4D5310041D307 /* JTCalendarMenuView.m */; };
		8063018C1CF4D5310041D307 /* JTCalendarPageView.m in Sources */ = {isa = PBXBuildFile; fileRef = 8063017C1CF4D5310041D307 /* JTCalendarPageView.m */; };
		8063018D1CF4D5310041D307 /* JTCalendarWeekDayView.m in Sources */ = {isa = PBXBuildFile; fileRef = 8063017E1CF4D5310041D307 /* JTCalendarWeekDayView.m */; };
		8063018E1CF4D5310041D307 /* JTCalendarWeekView.m in Sources */ = {isa = PBXBuildFile; fileRef = 806301801CF4D5310041D307 /* JTCalendarWeekView.m */; };
		8063018F1CF4D5310041D307 /* JTHorizontalCalendarView.m in Sources */ = {isa = PBXBuildFile; fileRef = 806301821CF4D5310041D307 /* JTHorizontalCalendarView.m */; };
		806301901CF4D5310041D307 /* JTVerticalCalendarView.m in Sources */ = {isa = PBXBuildFile; fileRef = 806301841CF4D5310041D307 /* JTVerticalCalendarView.m */; };
		806956641DD9DEB000A5F091 /* screen_structure.json in Resources */ = {isa = PBXBuildFile; fileRef = 806956631DD9DEB000A5F091 /* screen_structure.json */; };
		806956691DD9E04C00A5F091 /* RootToothViewController.m in Sources */ = {isa = PBXBuildFile; fileRef = 806956681DD9E04C00A5F091 /* RootToothViewController.m */; };
		8069566C1DD9E09C00A5F091 /* RootToothViewController.storyboard in Resources */ = {isa = PBXBuildFile; fileRef = 8069566B1DD9E09C00A5F091 /* RootToothViewController.storyboard */; };
		806956701DD9F44200A5F091 /* RBScreenManager.m in Sources */ = {isa = PBXBuildFile; fileRef = 8069566F1DD9F44200A5F091 /* RBScreenManager.m */; };
		806956731DD9F48F00A5F091 /* RBScreen.m in Sources */ = {isa = PBXBuildFile; fileRef = 806956721DD9F48F00A5F091 /* RBScreen.m */; };
		806956761DDA013800A5F091 /* RBSimpleTableViewController.storyboard in Resources */ = {isa = PBXBuildFile; fileRef = 806956751DDA013800A5F091 /* RBSimpleTableViewController.storyboard */; };
		8069567B1DDA01DC00A5F091 /* RBSimpleTableViewController.m in Sources */ = {isa = PBXBuildFile; fileRef = 8069567A1DDA01DC00A5F091 /* RBSimpleTableViewController.m */; };
		8069567F1DDA041300A5F091 /* RBScreenItem.m in Sources */ = {isa = PBXBuildFile; fileRef = 8069567E1DDA041300A5F091 /* RBScreenItem.m */; };
		806956831DDA054B00A5F091 /* RBItem.m in Sources */ = {isa = PBXBuildFile; fileRef = 806956821DDA054B00A5F091 /* RBItem.m */; };
		806956861DDA108800A5F091 /* RBSimpleTableViewScreen.m in Sources */ = {isa = PBXBuildFile; fileRef = 806956851DDA108800A5F091 /* RBSimpleTableViewScreen.m */; };
		80759F171D462B5400BEF1B4 /* ProcedureTableViewCell.m in Sources */ = {isa = PBXBuildFile; fileRef = 80759F151D462B5400BEF1B4 /* ProcedureTableViewCell.m */; };
		80759F181D462B5400BEF1B4 /* ProcedureTableViewCell.xib in Resources */ = {isa = PBXBuildFile; fileRef = 80759F161D462B5400BEF1B4 /* ProcedureTableViewCell.xib */; };
		80759F1A1D463C3C00BEF1B4 /* ProceduresViewControllerTests.m in Sources */ = {isa = PBXBuildFile; fileRef = 80759F191D463C3C00BEF1B4 /* ProceduresViewControllerTests.m */; };
		80759F1B1D46415A00BEF1B4 /* Realm.framework in Frameworks */ = {isa = PBXBuildFile; fileRef = 80FA30181CD25DD700B278E3 /* Realm.framework */; };
		80759F1D1D46432F00BEF1B4 /* ProceduresViewControllerUITests.m in Sources */ = {isa = PBXBuildFile; fileRef = 80759F1C1D46432F00BEF1B4 /* ProceduresViewControllerUITests.m */; };
		80831A921D350BFF007D77C4 /* PatientsNotesViewController.m in Sources */ = {isa = PBXBuildFile; fileRef = 80831A911D350BFF007D77C4 /* PatientsNotesViewController.m */; };
		80831A941D350C23007D77C4 /* PatientNotesViewController.storyboard in Resources */ = {isa = PBXBuildFile; fileRef = 80831A931D350C23007D77C4 /* PatientNotesViewController.storyboard */; };
		809FE02C1D215CB300F8416B /* Utils.m in Sources */ = {isa = PBXBuildFile; fileRef = 809FE02B1D215CB300F8416B /* Utils.m */; };
		809FE0301D216D9E00F8416B /* PatientsViewController.m in Sources */ = {isa = PBXBuildFile; fileRef = 809FE02F1D216D9E00F8416B /* PatientsViewController.m */; };
		809FE0331D216EC300F8416B /* Patient.m in Sources */ = {isa = PBXBuildFile; fileRef = 809FE0321D216EC300F8416B /* Patient.m */; };
		80A1C7471D67513B004FD4C7 /* RBBottomToothView.m in Sources */ = {isa = PBXBuildFile; fileRef = 80A1C7461D67513B004FD4C7 /* RBBottomToothView.m */; };
		80A1C7491D67514E004FD4C7 /* RBBottomToothView.xib in Resources */ = {isa = PBXBuildFile; fileRef = 80A1C7481D67514E004FD4C7 /* RBBottomToothView.xib */; };
		80EBD4521CC8160E003E4A5E /* main.m in Sources */ = {isa = PBXBuildFile; fileRef = 80EBD4511CC8160E003E4A5E /* main.m */; };
		80EBD4551CC8160E003E4A5E /* AppDelegate.m in Sources */ = {isa = PBXBuildFile; fileRef = 80EBD4541CC8160E003E4A5E /* AppDelegate.m */; };
		80EBD4581CC8160E003E4A5E /* MainViewController.m in Sources */ = {isa = PBXBuildFile; fileRef = 80EBD4571CC8160E003E4A5E /* MainViewController.m */; };
		80EBD45B1CC8160E003E4A5E /* SecondViewController.m in Sources */ = {isa = PBXBuildFile; fileRef = 80EBD45A1CC8160E003E4A5E /* SecondViewController.m */; };
		80EBD45E1CC8160E003E4A5E /* Main.storyboard in Resources */ = {isa = PBXBuildFile; fileRef = 80EBD45C1CC8160E003E4A5E /* Main.storyboard */; };
		80EBD4601CC8160E003E4A5E /* Assets.xcassets in Resources */ = {isa = PBXBuildFile; fileRef = 80EBD45F1CC8160E003E4A5E /* Assets.xcassets */; };
		80EBD4631CC8160E003E4A5E /* LaunchScreen.storyboard in Resources */ = {isa = PBXBuildFile; fileRef = 80EBD4611CC8160E003E4A5E /* LaunchScreen.storyboard */; };
		80EBD46E1CC8160E003E4A5E /* DentalHelperTests.m in Sources */ = {isa = PBXBuildFile; fileRef = 80EBD46D1CC8160E003E4A5E /* DentalHelperTests.m */; };
		80EBD4791CC8160E003E4A5E /* DentalHelperUITests.m in Sources */ = {isa = PBXBuildFile; fileRef = 80EBD4781CC8160E003E4A5E /* DentalHelperUITests.m */; };
		80F4B9381D4137C200481CD9 /* AppointmentsTableViewController.m in Sources */ = {isa = PBXBuildFile; fileRef = 80F4B9371D4137C200481CD9 /* AppointmentsTableViewController.m */; };
		80F4B93A1D4137D700481CD9 /* AppointmentsTableViewController.storyboard in Resources */ = {isa = PBXBuildFile; fileRef = 80F4B9391D4137D700481CD9 /* AppointmentsTableViewController.storyboard */; };
		80FA30171CD24DE700B278E3 /* ScheduleViewController.m in Sources */ = {isa = PBXBuildFile; fileRef = 80FA30161CD24DE700B278E3 /* ScheduleViewController.m */; };
/* End PBXBuildFile section */

/* Begin PBXContainerItemProxy section */
		80EBD46A1CC8160E003E4A5E /* PBXContainerItemProxy */ = {
			isa = PBXContainerItemProxy;
			containerPortal = 80EBD4451CC8160E003E4A5E /* Project object */;
			proxyType = 1;
			remoteGlobalIDString = 80EBD44C1CC8160E003E4A5E;
			remoteInfo = DentalHelper;
		};
		80EBD4751CC8160E003E4A5E /* PBXContainerItemProxy */ = {
			isa = PBXContainerItemProxy;
			containerPortal = 80EBD4451CC8160E003E4A5E /* Project object */;
			proxyType = 1;
			remoteGlobalIDString = 80EBD44C1CC8160E003E4A5E;
			remoteInfo = DentalHelper;
		};
/* End PBXContainerItemProxy section */

/* Begin PBXCopyFilesBuildPhase section */
		8063015B1CF497770041D307 /* Embed Frameworks */ = {
			isa = PBXCopyFilesBuildPhase;
			buildActionMask = 2147483647;
			dstPath = "";
			dstSubfolderSpec = 10;
			files = (
				8063015A1CF497760041D307 /* Realm.framework in Embed Frameworks */,
			);
			name = "Embed Frameworks";
			runOnlyForDeploymentPostprocessing = 0;
		};
/* End PBXCopyFilesBuildPhase section */

/* Begin PBXFileReference section */
		8010DC6D1D4FDB51004093F1 /* RBDentalChartViewController.h */ = {isa = PBXFileReference; fileEncoding = 4; lastKnownFileType = sourcecode.c.h; path = RBDentalChartViewController.h; sourceTree = "<group>"; };
		8010DC6E1D4FDB51004093F1 /* RBDentalChartViewController.m */ = {isa = PBXFileReference; fileEncoding = 4; lastKnownFileType = sourcecode.c.objc; path = RBDentalChartViewController.m; sourceTree = "<group>"; };
		8010DC701D4FDB60004093F1 /* RBDentalChartViewController.storyboard */ = {isa = PBXFileReference; fileEncoding = 4; lastKnownFileType = file.storyboard; path = RBDentalChartViewController.storyboard; sourceTree = "<group>"; };
		8010DC781D4FDC63004093F1 /* RBTopToothView.h */ = {isa = PBXFileReference; fileEncoding = 4; lastKnownFileType = sourcecode.c.h; path = RBTopToothView.h; sourceTree = "<group>"; };
		8010DC791D4FDC63004093F1 /* RBTopToothView.m */ = {isa = PBXFileReference; fileEncoding = 4; lastKnownFileType = sourcecode.c.objc; path = RBTopToothView.m; sourceTree = "<group>"; };
		8010DC7B1D4FDC6E004093F1 /* RBTopToothView.xib */ = {isa = PBXFileReference; fileEncoding = 4; lastKnownFileType = file.xib; path = RBTopToothView.xib; sourceTree = "<group>"; };
		8015BB1E1CF5976A0044E47C /* Appointment.h */ = {isa = PBXFileReference; fileEncoding = 4; lastKnownFileType = sourcecode.c.h; name = Appointment.h; path = Assets.xcassets/Appointment.h; sourceTree = "<group>"; };
		8015BB1F1CF5976A0044E47C /* Appointment.m */ = {isa = PBXFileReference; fileEncoding = 4; lastKnownFileType = sourcecode.c.objc; name = Appointment.m; path = Assets.xcassets/Appointment.m; sourceTree = "<group>"; };
		8015BB221CF599C50044E47C /* NewAppointmentViewController.h */ = {isa = PBXFileReference; fileEncoding = 4; lastKnownFileType = sourcecode.c.h; path = NewAppointmentViewController.h; sourceTree = "<group>"; };
		8015BB231CF599C50044E47C /* NewAppointmentViewController.m */ = {isa = PBXFileReference; fileEncoding = 4; lastKnownFileType = sourcecode.c.objc; path = NewAppointmentViewController.m; sourceTree = "<group>"; };
		8016E1601D4A8B9300D760DF /* RBAppointmentDetailsViewController.h */ = {isa = PBXFileReference; fileEncoding = 4; lastKnownFileType = sourcecode.c.h; path = RBAppointmentDetailsViewController.h; sourceTree = "<group>"; };
		8016E1611D4A8B9300D760DF /* RBAppointmentDetailsViewController.m */ = {isa = PBXFileReference; fileEncoding = 4; lastKnownFileType = sourcecode.c.objc; path = RBAppointmentDetailsViewController.m; sourceTree = "<group>"; };
		8016E1631D4A8BA700D760DF /* RBAppointmentDetailsViewController.storyboard */ = {isa = PBXFileReference; fileEncoding = 4; lastKnownFileType = file.storyboard; path = RBAppointmentDetailsViewController.storyboard; sourceTree = "<group>"; };
		803F7FE61D21C0D400D5EE4B /* AddPatientViewController.h */ = {isa = PBXFileReference; fileEncoding = 4; lastKnownFileType = sourcecode.c.h; path = AddPatientViewController.h; sourceTree = "<group>"; };
		803F7FE71D21C0D400D5EE4B /* AddPatientViewController.m */ = {isa = PBXFileReference; fileEncoding = 4; lastKnownFileType = sourcecode.c.objc; path = AddPatientViewController.m; sourceTree = "<group>"; };
		803F7FE91D21C0E500D5EE4B /* AddPatientViewController.storyboard */ = {isa = PBXFileReference; fileEncoding = 4; lastKnownFileType = file.storyboard; path = AddPatientViewController.storyboard; sourceTree = "<group>"; };
		804363341DDDF5DE00ED3BCB /* RBScreenItemTableViewCell.h */ = {isa = PBXFileReference; fileEncoding = 4; lastKnownFileType = sourcecode.c.h; path = RBScreenItemTableViewCell.h; sourceTree = "<group>"; };
		804363351DDDF5DE00ED3BCB /* RBScreenItemTableViewCell.m */ = {isa = PBXFileReference; fileEncoding = 4; lastKnownFileType = sourcecode.c.objc; path = RBScreenItemTableViewCell.m; sourceTree = "<group>"; };
		804363361DDDF5DE00ED3BCB /* RBScreenItemTableViewCell.xib */ = {isa = PBXFileReference; fileEncoding = 4; lastKnownFileType = file.xib; path = RBScreenItemTableViewCell.xib; sourceTree = "<group>"; };
		8043633B1DDDFAA100ED3BCB /* RBItemTableViewCell.h */ = {isa = PBXFileReference; fileEncoding = 4; lastKnownFileType = sourcecode.c.h; path = RBItemTableViewCell.h; sourceTree = "<group>"; };
		8043633C1DDDFAA100ED3BCB /* RBItemTableViewCell.m */ = {isa = PBXFileReference; fileEncoding = 4; lastKnownFileType = sourcecode.c.objc; path = RBItemTableViewCell.m; sourceTree = "<group>"; };
		8043633D1DDDFAA100ED3BCB /* RBItemTableViewCell.xib */ = {isa = PBXFileReference; fileEncoding = 4; lastKnownFileType = file.xib; path = RBItemTableViewCell.xib; sourceTree = "<group>"; };
		804363441DDE225200ED3BCB /* RBScreenViewController.h */ = {isa = PBXFileReference; fileEncoding = 4; lastKnownFileType = sourcecode.c.h; path = RBScreenViewController.h; sourceTree = "<group>"; };
		804363451DDE225200ED3BCB /* RBScreenViewController.m */ = {isa = PBXFileReference; fileEncoding = 4; lastKnownFileType = sourcecode.c.objc; path = RBScreenViewController.m; sourceTree = "<group>"; };
		804363471DDE226200ED3BCB /* RBScreenViewController.storyboard */ = {isa = PBXFileReference; fileEncoding = 4; lastKnownFileType = file.storyboard; path = RBScreenViewController.storyboard; sourceTree = "<group>"; };
		8043634A1DDE268500ED3BCB /* RBMultichoiseScreen.h */ = {isa = PBXFileReference; fileEncoding = 4; lastKnownFileType = sourcecode.c.h; path = RBMultichoiseScreen.h; sourceTree = "<group>"; };
		8043634B1DDE268500ED3BCB /* RBMultichoiseScreen.m */ = {isa = PBXFileReference; fileEncoding = 4; lastKnownFileType = sourcecode.c.objc; path = RBMultichoiseScreen.m; sourceTree = "<group>"; };
		8043634D1DDE515F00ED3BCB /* RBMultiChoiseScreenTableViewController.h */ = {isa = PBXFileReference; fileEncoding = 4; lastKnownFileType = sourcecode.c.h; path = RBMultiChoiseScreenTableViewController.h; sourceTree = "<group>"; };
		8043634E1DDE515F00ED3BCB /* RBMultiChoiseScreenTableViewController.m */ = {isa = PBXFileReference; fileEncoding = 4; lastKnownFileType = sourcecode.c.objc; path = RBMultiChoiseScreenTableViewController.m; sourceTree = "<group>"; };
		804363511DDE517A00ED3BCB /* RBMultiChoiseScreenViewController.storyboard */ = {isa = PBXFileReference; fileEncoding = 4; lastKnownFileType = file.storyboard; path = RBMultiChoiseScreenViewController.storyboard; sourceTree = "<group>"; };
		804363541DDE576E00ED3BCB /* RBChoiseItem.h */ = {isa = PBXFileReference; fileEncoding = 4; lastKnownFileType = sourcecode.c.h; path = RBChoiseItem.h; sourceTree = "<group>"; };
		804363551DDE576E00ED3BCB /* RBChoiseItem.m */ = {isa = PBXFileReference; fileEncoding = 4; lastKnownFileType = sourcecode.c.objc; path = RBChoiseItem.m; sourceTree = "<group>"; };
		804363571DDE579200ED3BCB /* RBChoiseItemTableViewCell.h */ = {isa = PBXFileReference; fileEncoding = 4; lastKnownFileType = sourcecode.c.h; path = RBChoiseItemTableViewCell.h; sourceTree = "<group>"; };
		804363581DDE579200ED3BCB /* RBChoiseItemTableViewCell.m */ = {isa = PBXFileReference; fileEncoding = 4; lastKnownFileType = sourcecode.c.objc; path = RBChoiseItemTableViewCell.m; sourceTree = "<group>"; };
		804363591DDE579200ED3BCB /* RBChoiseItemTableViewCell.xib */ = {isa = PBXFileReference; fileEncoding = 4; lastKnownFileType = file.xib; path = RBChoiseItemTableViewCell.xib; sourceTree = "<group>"; };
		8063015C1CF4D4C10041D307 /* CalendarViewController.h */ = {isa = PBXFileReference; fileEncoding = 4; lastKnownFileType = sourcecode.c.h; path = CalendarViewController.h; sourceTree = "<group>"; };
		8063015D1CF4D4C10041D307 /* CalendarViewController.m */ = {isa = PBXFileReference; fileEncoding = 4; lastKnownFileType = sourcecode.c.objc; path = CalendarViewController.m; sourceTree = "<group>"; };
		806301621CF4D5310041D307 /* JTCalendar.h */ = {isa = PBXFileReference; fileEncoding = 4; lastKnownFileType = sourcecode.c.h; path = JTCalendar.h; sourceTree = "<group>"; };
		806301631CF4D5310041D307 /* JTCalendarDelegate.h */ = {isa = PBXFileReference; fileEncoding = 4; lastKnownFileType = sourcecode.c.h; path = JTCalendarDelegate.h; sourceTree = "<group>"; };
		806301641CF4D5310041D307 /* JTCalendarManager.h */ = {isa = PBXFileReference; fileEncoding = 4; lastKnownFileType = sourcecode.c.h; path = JTCalendarManager.h; sourceTree = "<group>"; };
		806301651CF4D5310041D307 /* JTCalendarManager.m */ = {isa = PBXFileReference; fileEncoding = 4; lastKnownFileType = sourcecode.c.objc; path = JTCalendarManager.m; sourceTree = "<group>"; };
		806301661CF4D5310041D307 /* JTCalendarSettings.h */ = {isa = PBXFileReference; fileEncoding = 4; lastKnownFileType = sourcecode.c.h; path = JTCalendarSettings.h; sourceTree = "<group>"; };
		806301671CF4D5310041D307 /* JTCalendarSettings.m */ = {isa = PBXFileReference; fileEncoding = 4; lastKnownFileType = sourcecode.c.objc; path = JTCalendarSettings.m; sourceTree = "<group>"; };
		806301681CF4D5310041D307 /* JTDateHelper.h */ = {isa = PBXFileReference; fileEncoding = 4; lastKnownFileType = sourcecode.c.h; path = JTDateHelper.h; sourceTree = "<group>"; };
		806301691CF4D5310041D307 /* JTDateHelper.m */ = {isa = PBXFileReference; fileEncoding = 4; lastKnownFileType = sourcecode.c.objc; path = JTDateHelper.m; sourceTree = "<group>"; };
		8063016B1CF4D5310041D307 /* JTCalendarDelegateManager.h */ = {isa = PBXFileReference; fileEncoding = 4; lastKnownFileType = sourcecode.c.h; path = JTCalendarDelegateManager.h; sourceTree = "<group>"; };
		8063016C1CF4D5310041D307 /* JTCalendarDelegateManager.m */ = {isa = PBXFileReference; fileEncoding = 4; lastKnownFileType = sourcecode.c.objc; path = JTCalendarDelegateManager.m; sourceTree = "<group>"; };
		8063016D1CF4D5310041D307 /* JTCalendarScrollManager.h */ = {isa = PBXFileReference; fileEncoding = 4; lastKnownFileType = sourcecode.c.h; path = JTCalendarScrollManager.h; sourceTree = "<group>"; };
		8063016E1CF4D5310041D307 /* JTCalendarScrollManager.m */ = {isa = PBXFileReference; fileEncoding = 4; lastKnownFileType = sourcecode.c.objc; path = JTCalendarScrollManager.m; sourceTree = "<group>"; };
		806301701CF4D5310041D307 /* JTCalendarDay.h */ = {isa = PBXFileReference; fileEncoding = 4; lastKnownFileType = sourcecode.c.h; path = JTCalendarDay.h; sourceTree = "<group>"; };
		806301711CF4D5310041D307 /* JTCalendarPage.h */ = {isa = PBXFileReference; fileEncoding = 4; lastKnownFileType = sourcecode.c.h; path = JTCalendarPage.h; sourceTree = "<group>"; };
		806301721CF4D5310041D307 /* JTCalendarWeek.h */ = {isa = PBXFileReference; fileEncoding = 4; lastKnownFileType = sourcecode.c.h; path = JTCalendarWeek.h; sourceTree = "<group>"; };
		806301731CF4D5310041D307 /* JTCalendarWeekDay.h */ = {isa = PBXFileReference; fileEncoding = 4; lastKnownFileType = sourcecode.c.h; path = JTCalendarWeekDay.h; sourceTree = "<group>"; };
		806301741CF4D5310041D307 /* JTContent.h */ = {isa = PBXFileReference; fileEncoding = 4; lastKnownFileType = sourcecode.c.h; path = JTContent.h; sourceTree = "<group>"; };
		806301751CF4D5310041D307 /* JTMenu.h */ = {isa = PBXFileReference; fileEncoding = 4; lastKnownFileType = sourcecode.c.h; path = JTMenu.h; sourceTree = "<group>"; };
		806301771CF4D5310041D307 /* JTCalendarDayView.h */ = {isa = PBXFileReference; fileEncoding = 4; lastKnownFileType = sourcecode.c.h; path = JTCalendarDayView.h; sourceTree = "<group>"; };
		806301781CF4D5310041D307 /* JTCalendarDayView.m */ = {isa = PBXFileReference; fileEncoding = 4; lastKnownFileType = sourcecode.c.objc; path = JTCalendarDayView.m; sourceTree = "<group>"; };
		806301791CF4D5310041D307 /* JTCalendarMenuView.h */ = {isa = PBXFileReference; fileEncoding = 4; lastKnownFileType = sourcecode.c.h; path = JTCalendarMenuView.h; sourceTree = "<group>"; };
		8063017A1CF4D5310041D307 /* JTCalendarMenuView.m */ = {isa = PBXFileReference; fileEncoding = 4; lastKnownFileType = sourcecode.c.objc; path = JTCalendarMenuView.m; sourceTree = "<group>"; };
		8063017B1CF4D5310041D307 /* JTCalendarPageView.h */ = {isa = PBXFileReference; fileEncoding = 4; lastKnownFileType = sourcecode.c.h; path = JTCalendarPageView.h; sourceTree = "<group>"; };
		8063017C1CF4D5310041D307 /* JTCalendarPageView.m */ = {isa = PBXFileReference; fileEncoding = 4; lastKnownFileType = sourcecode.c.objc; path = JTCalendarPageView.m; sourceTree = "<group>"; };
		8063017D1CF4D5310041D307 /* JTCalendarWeekDayView.h */ = {isa = PBXFileReference; fileEncoding = 4; lastKnownFileType = sourcecode.c.h; path = JTCalendarWeekDayView.h; sourceTree = "<group>"; };
		8063017E1CF4D5310041D307 /* JTCalendarWeekDayView.m */ = {isa = PBXFileReference; fileEncoding = 4; lastKnownFileType = sourcecode.c.objc; path = JTCalendarWeekDayView.m; sourceTree = "<group>"; };
		8063017F1CF4D5310041D307 /* JTCalendarWeekView.h */ = {isa = PBXFileReference; fileEncoding = 4; lastKnownFileType = sourcecode.c.h; path = JTCalendarWeekView.h; sourceTree = "<group>"; };
		806301801CF4D5310041D307 /* JTCalendarWeekView.m */ = {isa = PBXFileReference; fileEncoding = 4; lastKnownFileType = sourcecode.c.objc; path = JTCalendarWeekView.m; sourceTree = "<group>"; };
		806301811CF4D5310041D307 /* JTHorizontalCalendarView.h */ = {isa = PBXFileReference; fileEncoding = 4; lastKnownFileType = sourcecode.c.h; path = JTHorizontalCalendarView.h; sourceTree = "<group>"; };
		806301821CF4D5310041D307 /* JTHorizontalCalendarView.m */ = {isa = PBXFileReference; fileEncoding = 4; lastKnownFileType = sourcecode.c.objc; path = JTHorizontalCalendarView.m; sourceTree = "<group>"; };
		806301831CF4D5310041D307 /* JTVerticalCalendarView.h */ = {isa = PBXFileReference; fileEncoding = 4; lastKnownFileType = sourcecode.c.h; path = JTVerticalCalendarView.h; sourceTree = "<group>"; };
		806301841CF4D5310041D307 /* JTVerticalCalendarView.m */ = {isa = PBXFileReference; fileEncoding = 4; lastKnownFileType = sourcecode.c.objc; path = JTVerticalCalendarView.m; sourceTree = "<group>"; };
		806956631DD9DEB000A5F091 /* screen_structure.json */ = {isa = PBXFileReference; fileEncoding = 4; lastKnownFileType = text.json; path = screen_structure.json; sourceTree = "<group>"; };
		806956671DD9E04C00A5F091 /* RootToothViewController.h */ = {isa = PBXFileReference; fileEncoding = 4; lastKnownFileType = sourcecode.c.h; path = RootToothViewController.h; sourceTree = "<group>"; };
		806956681DD9E04C00A5F091 /* RootToothViewController.m */ = {isa = PBXFileReference; fileEncoding = 4; lastKnownFileType = sourcecode.c.objc; path = RootToothViewController.m; sourceTree = "<group>"; };
		8069566B1DD9E09C00A5F091 /* RootToothViewController.storyboard */ = {isa = PBXFileReference; fileEncoding = 4; lastKnownFileType = file.storyboard; path = RootToothViewController.storyboard; sourceTree = "<group>"; };
		8069566E1DD9F44200A5F091 /* RBScreenManager.h */ = {isa = PBXFileReference; fileEncoding = 4; lastKnownFileType = sourcecode.c.h; path = RBScreenManager.h; sourceTree = "<group>"; };
		8069566F1DD9F44200A5F091 /* RBScreenManager.m */ = {isa = PBXFileReference; fileEncoding = 4; lastKnownFileType = sourcecode.c.objc; path = RBScreenManager.m; sourceTree = "<group>"; };
		806956711DD9F48F00A5F091 /* RBScreen.h */ = {isa = PBXFileReference; fileEncoding = 4; lastKnownFileType = sourcecode.c.h; path = RBScreen.h; sourceTree = "<group>"; };
		806956721DD9F48F00A5F091 /* RBScreen.m */ = {isa = PBXFileReference; fileEncoding = 4; lastKnownFileType = sourcecode.c.objc; path = RBScreen.m; sourceTree = "<group>"; };
		806956751DDA013800A5F091 /* RBSimpleTableViewController.storyboard */ = {isa = PBXFileReference; fileEncoding = 4; lastKnownFileType = file.storyboard; path = RBSimpleTableViewController.storyboard; sourceTree = "<group>"; };
		806956791DDA01DC00A5F091 /* RBSimpleTableViewController.h */ = {isa = PBXFileReference; fileEncoding = 4; lastKnownFileType = sourcecode.c.h; path = RBSimpleTableViewController.h; sourceTree = "<group>"; };
		8069567A1DDA01DC00A5F091 /* RBSimpleTableViewController.m */ = {isa = PBXFileReference; fileEncoding = 4; lastKnownFileType = sourcecode.c.objc; path = RBSimpleTableViewController.m; sourceTree = "<group>"; };
		8069567D1DDA041300A5F091 /* RBScreenItem.h */ = {isa = PBXFileReference; fileEncoding = 4; lastKnownFileType = sourcecode.c.h; path = RBScreenItem.h; sourceTree = "<group>"; };
		8069567E1DDA041300A5F091 /* RBScreenItem.m */ = {isa = PBXFileReference; fileEncoding = 4; lastKnownFileType = sourcecode.c.objc; path = RBScreenItem.m; sourceTree = "<group>"; };
		806956811DDA054B00A5F091 /* RBItem.h */ = {isa = PBXFileReference; fileEncoding = 4; lastKnownFileType = sourcecode.c.h; path = RBItem.h; sourceTree = "<group>"; };
		806956821DDA054B00A5F091 /* RBItem.m */ = {isa = PBXFileReference; fileEncoding = 4; lastKnownFileType = sourcecode.c.objc; path = RBItem.m; sourceTree = "<group>"; };
		806956841DDA108800A5F091 /* RBSimpleTableViewScreen.h */ = {isa = PBXFileReference; fileEncoding = 4; lastKnownFileType = sourcecode.c.h; path = RBSimpleTableViewScreen.h; sourceTree = "<group>"; };
		806956851DDA108800A5F091 /* RBSimpleTableViewScreen.m */ = {isa = PBXFileReference; fileEncoding = 4; lastKnownFileType = sourcecode.c.objc; path = RBSimpleTableViewScreen.m; sourceTree = "<group>"; };
		80759F141D462B5400BEF1B4 /* ProcedureTableViewCell.h */ = {isa = PBXFileReference; fileEncoding = 4; lastKnownFileType = sourcecode.c.h; path = ProcedureTableViewCell.h; sourceTree = "<group>"; };
		80759F151D462B5400BEF1B4 /* ProcedureTableViewCell.m */ = {isa = PBXFileReference; fileEncoding = 4; lastKnownFileType = sourcecode.c.objc; path = ProcedureTableViewCell.m; sourceTree = "<group>"; };
		80759F161D462B5400BEF1B4 /* ProcedureTableViewCell.xib */ = {isa = PBXFileReference; fileEncoding = 4; lastKnownFileType = file.xib; path = ProcedureTableViewCell.xib; sourceTree = "<group>"; };
		80759F191D463C3C00BEF1B4 /* ProceduresViewControllerTests.m */ = {isa = PBXFileReference; fileEncoding = 4; lastKnownFileType = sourcecode.c.objc; path = ProceduresViewControllerTests.m; sourceTree = "<group>"; };
		80759F1C1D46432F00BEF1B4 /* ProceduresViewControllerUITests.m */ = {isa = PBXFileReference; fileEncoding = 4; lastKnownFileType = sourcecode.c.objc; path = ProceduresViewControllerUITests.m; sourceTree = "<group>"; };
		80831A901D350BFF007D77C4 /* PatientsNotesViewController.h */ = {isa = PBXFileReference; fileEncoding = 4; lastKnownFileType = sourcecode.c.h; path = PatientsNotesViewController.h; sourceTree = "<group>"; };
		80831A911D350BFF007D77C4 /* PatientsNotesViewController.m */ = {isa = PBXFileReference; fileEncoding = 4; lastKnownFileType = sourcecode.c.objc; path = PatientsNotesViewController.m; sourceTree = "<group>"; };
		80831A931D350C23007D77C4 /* PatientNotesViewController.storyboard */ = {isa = PBXFileReference; fileEncoding = 4; lastKnownFileType = file.storyboard; path = PatientNotesViewController.storyboard; sourceTree = "<group>"; };
		809FE02A1D215CB300F8416B /* Utils.h */ = {isa = PBXFileReference; fileEncoding = 4; lastKnownFileType = sourcecode.c.h; path = Utils.h; sourceTree = "<group>"; };
		809FE02B1D215CB300F8416B /* Utils.m */ = {isa = PBXFileReference; fileEncoding = 4; lastKnownFileType = sourcecode.c.objc; path = Utils.m; sourceTree = "<group>"; };
		809FE02E1D216D9E00F8416B /* PatientsViewController.h */ = {isa = PBXFileReference; fileEncoding = 4; lastKnownFileType = sourcecode.c.h; path = PatientsViewController.h; sourceTree = "<group>"; };
		809FE02F1D216D9E00F8416B /* PatientsViewController.m */ = {isa = PBXFileReference; fileEncoding = 4; lastKnownFileType = sourcecode.c.objc; path = PatientsViewController.m; sourceTree = "<group>"; };
		809FE0311D216EC300F8416B /* Patient.h */ = {isa = PBXFileReference; fileEncoding = 4; lastKnownFileType = sourcecode.c.h; path = Patient.h; sourceTree = "<group>"; };
		809FE0321D216EC300F8416B /* Patient.m */ = {isa = PBXFileReference; fileEncoding = 4; lastKnownFileType = sourcecode.c.objc; path = Patient.m; sourceTree = "<group>"; };
		80A1C7451D67513B004FD4C7 /* RBBottomToothView.h */ = {isa = PBXFileReference; fileEncoding = 4; lastKnownFileType = sourcecode.c.h; path = RBBottomToothView.h; sourceTree = "<group>"; };
		80A1C7461D67513B004FD4C7 /* RBBottomToothView.m */ = {isa = PBXFileReference; fileEncoding = 4; lastKnownFileType = sourcecode.c.objc; path = RBBottomToothView.m; sourceTree = "<group>"; };
		80A1C7481D67514E004FD4C7 /* RBBottomToothView.xib */ = {isa = PBXFileReference; fileEncoding = 4; lastKnownFileType = file.xib; path = RBBottomToothView.xib; sourceTree = "<group>"; };
		80EBD44D1CC8160E003E4A5E /* DentalHelper.app */ = {isa = PBXFileReference; explicitFileType = wrapper.application; includeInIndex = 0; path = DentalHelper.app; sourceTree = BUILT_PRODUCTS_DIR; };
		80EBD4511CC8160E003E4A5E /* main.m */ = {isa = PBXFileReference; lastKnownFileType = sourcecode.c.objc; path = main.m; sourceTree = "<group>"; };
		80EBD4531CC8160E003E4A5E /* AppDelegate.h */ = {isa = PBXFileReference; lastKnownFileType = sourcecode.c.h; path = AppDelegate.h; sourceTree = "<group>"; };
		80EBD4541CC8160E003E4A5E /* AppDelegate.m */ = {isa = PBXFileReference; lastKnownFileType = sourcecode.c.objc; path = AppDelegate.m; sourceTree = "<group>"; };
		80EBD4561CC8160E003E4A5E /* MainViewController.h */ = {isa = PBXFileReference; lastKnownFileType = sourcecode.c.h; name = MainViewController.h; path = DentalHelper/MainViewController.h; sourceTree = "<group>"; };
		80EBD4571CC8160E003E4A5E /* MainViewController.m */ = {isa = PBXFileReference; lastKnownFileType = sourcecode.c.objc; name = MainViewController.m; path = DentalHelper/MainViewController.m; sourceTree = "<group>"; };
		80EBD4591CC8160E003E4A5E /* SecondViewController.h */ = {isa = PBXFileReference; lastKnownFileType = sourcecode.c.h; name = SecondViewController.h; path = DentalHelper/SecondViewController.h; sourceTree = "<group>"; };
		80EBD45A1CC8160E003E4A5E /* SecondViewController.m */ = {isa = PBXFileReference; lastKnownFileType = sourcecode.c.objc; name = SecondViewController.m; path = DentalHelper/SecondViewController.m; sourceTree = "<group>"; };
		80EBD45D1CC8160E003E4A5E /* Base */ = {isa = PBXFileReference; lastKnownFileType = file.storyboard; name = Base; path = Base.lproj/Main.storyboard; sourceTree = "<group>"; };
		80EBD45F1CC8160E003E4A5E /* Assets.xcassets */ = {isa = PBXFileReference; lastKnownFileType = folder.assetcatalog; path = Assets.xcassets; sourceTree = "<group>"; };
		80EBD4621CC8160E003E4A5E /* Base */ = {isa = PBXFileReference; lastKnownFileType = file.storyboard; name = Base; path = Base.lproj/LaunchScreen.storyboard; sourceTree = "<group>"; };
		80EBD4641CC8160E003E4A5E /* Info.plist */ = {isa = PBXFileReference; lastKnownFileType = text.plist.xml; path = Info.plist; sourceTree = "<group>"; };
		80EBD4691CC8160E003E4A5E /* DentalHelperTests.xctest */ = {isa = PBXFileReference; explicitFileType = wrapper.cfbundle; includeInIndex = 0; path = DentalHelperTests.xctest; sourceTree = BUILT_PRODUCTS_DIR; };
		80EBD46D1CC8160E003E4A5E /* DentalHelperTests.m */ = {isa = PBXFileReference; lastKnownFileType = sourcecode.c.objc; path = DentalHelperTests.m; sourceTree = "<group>"; };
		80EBD46F1CC8160E003E4A5E /* Info.plist */ = {isa = PBXFileReference; lastKnownFileType = text.plist.xml; path = Info.plist; sourceTree = "<group>"; };
		80EBD4741CC8160E003E4A5E /* DentalHelperUITests.xctest */ = {isa = PBXFileReference; explicitFileType = wrapper.cfbundle; includeInIndex = 0; path = DentalHelperUITests.xctest; sourceTree = BUILT_PRODUCTS_DIR; };
		80EBD4781CC8160E003E4A5E /* DentalHelperUITests.m */ = {isa = PBXFileReference; lastKnownFileType = sourcecode.c.objc; path = DentalHelperUITests.m; sourceTree = "<group>"; };
		80EBD47A1CC8160E003E4A5E /* Info.plist */ = {isa = PBXFileReference; lastKnownFileType = text.plist.xml; path = Info.plist; sourceTree = "<group>"; };
		80F4B9361D4137C200481CD9 /* AppointmentsTableViewController.h */ = {isa = PBXFileReference; fileEncoding = 4; lastKnownFileType = sourcecode.c.h; path = AppointmentsTableViewController.h; sourceTree = "<group>"; };
		80F4B9371D4137C200481CD9 /* AppointmentsTableViewController.m */ = {isa = PBXFileReference; fileEncoding = 4; lastKnownFileType = sourcecode.c.objc; path = AppointmentsTableViewController.m; sourceTree = "<group>"; };
		80F4B9391D4137D700481CD9 /* AppointmentsTableViewController.storyboard */ = {isa = PBXFileReference; fileEncoding = 4; lastKnownFileType = file.storyboard; path = AppointmentsTableViewController.storyboard; sourceTree = "<group>"; };
		80FA30151CD24DE700B278E3 /* ScheduleViewController.h */ = {isa = PBXFileReference; fileEncoding = 4; lastKnownFileType = sourcecode.c.h; name = ScheduleViewController.h; path = DentalHelper/ScheduleViewController.h; sourceTree = "<group>"; };
		80FA30161CD24DE700B278E3 /* ScheduleViewController.m */ = {isa = PBXFileReference; fileEncoding = 4; lastKnownFileType = sourcecode.c.objc; name = ScheduleViewController.m; path = DentalHelper/ScheduleViewController.m; sourceTree = "<group>"; };
		80FA30181CD25DD700B278E3 /* Realm.framework */ = {isa = PBXFileReference; lastKnownFileType = wrapper.framework; name = Realm.framework; path = Carthage/Build/iOS/Realm.framework; sourceTree = "<group>"; };
/* End PBXFileReference section */

/* Begin PBXFrameworksBuildPhase section */
		80EBD44A1CC8160E003E4A5E /* Frameworks */ = {
			isa = PBXFrameworksBuildPhase;
			buildActionMask = 2147483647;
			files = (
				806301591CF497760041D307 /* Realm.framework in Frameworks */,
			);
			runOnlyForDeploymentPostprocessing = 0;
		};
		80EBD4661CC8160E003E4A5E /* Frameworks */ = {
			isa = PBXFrameworksBuildPhase;
			buildActionMask = 2147483647;
			files = (
				80759F1B1D46415A00BEF1B4 /* Realm.framework in Frameworks */,
			);
			runOnlyForDeploymentPostprocessing = 0;
		};
		80EBD4711CC8160E003E4A5E /* Frameworks */ = {
			isa = PBXFrameworksBuildPhase;
			buildActionMask = 2147483647;
			files = (
			);
			runOnlyForDeploymentPostprocessing = 0;
		};
/* End PBXFrameworksBuildPhase section */

/* Begin PBXGroup section */
		8010DC6C1D4FDB18004093F1 /* DentalChart */ = {
			isa = PBXGroup;
			children = (
				806956661DD9E00E00A5F091 /* DentalChartViewController */,
				806956651DD9DFF600A5F091 /* RootToothViewController */,
			);
			name = DentalChart;
			path = DentalHelper;
			sourceTree = "<group>";
		};
		8010DC741D4FDC36004093F1 /* ToothView */ = {
			isa = PBXGroup;
			children = (
				8010DC7E1D4FDE1B004093F1 /* Bottom */,
				8010DC7D1D4FDE12004093F1 /* Top */,
			);
			name = ToothView;
			sourceTree = "<group>";
		};
		8010DC7D1D4FDE12004093F1 /* Top */ = {
			isa = PBXGroup;
			children = (
				8010DC781D4FDC63004093F1 /* RBTopToothView.h */,
				8010DC791D4FDC63004093F1 /* RBTopToothView.m */,
				8010DC7B1D4FDC6E004093F1 /* RBTopToothView.xib */,
			);
			name = Top;
			sourceTree = "<group>";
		};
		8010DC7E1D4FDE1B004093F1 /* Bottom */ = {
			isa = PBXGroup;
			children = (
				80A1C7451D67513B004FD4C7 /* RBBottomToothView.h */,
				80A1C7461D67513B004FD4C7 /* RBBottomToothView.m */,
				80A1C7481D67514E004FD4C7 /* RBBottomToothView.xib */,
			);
			name = Bottom;
			sourceTree = "<group>";
		};
		8015BB1D1CF597340044E47C /* Model */ = {
			isa = PBXGroup;
			children = (
				8015BB1E1CF5976A0044E47C /* Appointment.h */,
				8015BB1F1CF5976A0044E47C /* Appointment.m */,
				809FE0311D216EC300F8416B /* Patient.h */,
				809FE0321D216EC300F8416B /* Patient.m */,
			);
			name = Model;
			sourceTree = "<group>";
		};
		8015BB211CF599A10044E47C /* NewAppointmentViewController */ = {
			isa = PBXGroup;
			children = (
				8015BB221CF599C50044E47C /* NewAppointmentViewController.h */,
				8015BB231CF599C50044E47C /* NewAppointmentViewController.m */,
			);
			name = NewAppointmentViewController;
			path = DentalHelper;
			sourceTree = "<group>";
		};
		8016E15F1D4A84BA00D760DF /* AppointmentDetailsViewController */ = {
			isa = PBXGroup;
			children = (
				8016E1601D4A8B9300D760DF /* RBAppointmentDetailsViewController.h */,
				8016E1611D4A8B9300D760DF /* RBAppointmentDetailsViewController.m */,
				8016E1631D4A8BA700D760DF /* RBAppointmentDetailsViewController.storyboard */,
			);
			name = AppointmentDetailsViewController;
			sourceTree = "<group>";
		};
		803F7FE51D21C0B800D5EE4B /* AddPatientViewController */ = {
			isa = PBXGroup;
			children = (
				803F7FE61D21C0D400D5EE4B /* AddPatientViewController.h */,
				803F7FE71D21C0D400D5EE4B /* AddPatientViewController.m */,
				803F7FE91D21C0E500D5EE4B /* AddPatientViewController.storyboard */,
			);
			name = AddPatientViewController;
			path = DentalHelper;
			sourceTree = "<group>";
		};
		804363331DDDF5AB00ED3BCB /* Cell */ = {
			isa = PBXGroup;
			children = (
				804363341DDDF5DE00ED3BCB /* RBScreenItemTableViewCell.h */,
				804363351DDDF5DE00ED3BCB /* RBScreenItemTableViewCell.m */,
				804363361DDDF5DE00ED3BCB /* RBScreenItemTableViewCell.xib */,
			);
			name = Cell;
			sourceTree = "<group>";
		};
		804363391DDDFA8500ED3BCB /* RBItem */ = {
			isa = PBXGroup;
			children = (
				8043633A1DDDFA8E00ED3BCB /* Cell */,
				806956811DDA054B00A5F091 /* RBItem.h */,
				806956821DDA054B00A5F091 /* RBItem.m */,
			);
			name = RBItem;
			sourceTree = "<group>";
		};
		8043633A1DDDFA8E00ED3BCB /* Cell */ = {
			isa = PBXGroup;
			children = (
				8043633B1DDDFAA100ED3BCB /* RBItemTableViewCell.h */,
				8043633C1DDDFAA100ED3BCB /* RBItemTableViewCell.m */,
				8043633D1DDDFAA100ED3BCB /* RBItemTableViewCell.xib */,
			);
			name = Cell;
			sourceTree = "<group>";
		};
		804363401DDE21F300ED3BCB /* Screen */ = {
			isa = PBXGroup;
			children = (
				804363431DDE223600ED3BCB /* ViewController */,
				806956711DD9F48F00A5F091 /* RBScreen.h */,
				806956721DD9F48F00A5F091 /* RBScreen.m */,
			);
			name = Screen;
			sourceTree = "<group>";
		};
		804363411DDE21FB00ED3BCB /* SimpleTableViewScreen */ = {
			isa = PBXGroup;
			children = (
				804363421DDE221600ED3BCB /* ViewController */,
				806956841DDA108800A5F091 /* RBSimpleTableViewScreen.h */,
				806956851DDA108800A5F091 /* RBSimpleTableViewScreen.m */,
			);
			name = SimpleTableViewScreen;
			sourceTree = "<group>";
		};
		804363421DDE221600ED3BCB /* ViewController */ = {
			isa = PBXGroup;
			children = (
				806956751DDA013800A5F091 /* RBSimpleTableViewController.storyboard */,
				806956791DDA01DC00A5F091 /* RBSimpleTableViewController.h */,
				8069567A1DDA01DC00A5F091 /* RBSimpleTableViewController.m */,
			);
			name = ViewController;
			sourceTree = "<group>";
		};
		804363431DDE223600ED3BCB /* ViewController */ = {
			isa = PBXGroup;
			children = (
				804363441DDE225200ED3BCB /* RBScreenViewController.h */,
				804363451DDE225200ED3BCB /* RBScreenViewController.m */,
				804363471DDE226200ED3BCB /* RBScreenViewController.storyboard */,
			);
			name = ViewController;
			sourceTree = "<group>";
		};
		804363491DDE265900ED3BCB /* MultiChoiseScreen */ = {
			isa = PBXGroup;
			children = (
				804363501DDE516300ED3BCB /* ViewController */,
				8043634A1DDE268500ED3BCB /* RBMultichoiseScreen.h */,
				8043634B1DDE268500ED3BCB /* RBMultichoiseScreen.m */,
			);
			name = MultiChoiseScreen;
			sourceTree = "<group>";
		};
		804363501DDE516300ED3BCB /* ViewController */ = {
			isa = PBXGroup;
			children = (
				8043634D1DDE515F00ED3BCB /* RBMultiChoiseScreenTableViewController.h */,
				8043634E1DDE515F00ED3BCB /* RBMultiChoiseScreenTableViewController.m */,
				804363511DDE517A00ED3BCB /* RBMultiChoiseScreenViewController.storyboard */,
			);
			name = ViewController;
			sourceTree = "<group>";
		};
		804363531DDE574B00ED3BCB /* ChoiseItem */ = {
			isa = PBXGroup;
			children = (
				8043635C1DDE579600ED3BCB /* Cell */,
				804363541DDE576E00ED3BCB /* RBChoiseItem.h */,
				804363551DDE576E00ED3BCB /* RBChoiseItem.m */,
			);
			name = ChoiseItem;
			sourceTree = "<group>";
		};
		8043635C1DDE579600ED3BCB /* Cell */ = {
			isa = PBXGroup;
			children = (
				804363571DDE579200ED3BCB /* RBChoiseItemTableViewCell.h */,
				804363581DDE579200ED3BCB /* RBChoiseItemTableViewCell.m */,
				804363591DDE579200ED3BCB /* RBChoiseItemTableViewCell.xib */,
			);
			name = Cell;
			sourceTree = "<group>";
		};
		8063015F1CF4D4CC0041D307 /* Calendar */ = {
			isa = PBXGroup;
			children = (
				8063015C1CF4D4C10041D307 /* CalendarViewController.h */,
				8063015D1CF4D4C10041D307 /* CalendarViewController.m */,
			);
			name = Calendar;
			path = DentalHelper;
			sourceTree = "<group>";
		};
		806301611CF4D5310041D307 /* JTCalendar */ = {
			isa = PBXGroup;
			children = (
				806301621CF4D5310041D307 /* JTCalendar.h */,
				806301631CF4D5310041D307 /* JTCalendarDelegate.h */,
				806301641CF4D5310041D307 /* JTCalendarManager.h */,
				806301651CF4D5310041D307 /* JTCalendarManager.m */,
				806301661CF4D5310041D307 /* JTCalendarSettings.h */,
				806301671CF4D5310041D307 /* JTCalendarSettings.m */,
				806301681CF4D5310041D307 /* JTDateHelper.h */,
				806301691CF4D5310041D307 /* JTDateHelper.m */,
				8063016A1CF4D5310041D307 /* Managers */,
				8063016F1CF4D5310041D307 /* Protocols */,
				806301761CF4D5310041D307 /* Views */,
			);
			name = JTCalendar;
			path = DentalHelper/JTCalendar;
			sourceTree = "<group>";
		};
		8063016A1CF4D5310041D307 /* Managers */ = {
			isa = PBXGroup;
			children = (
				8063016B1CF4D5310041D307 /* JTCalendarDelegateManager.h */,
				8063016C1CF4D5310041D307 /* JTCalendarDelegateManager.m */,
				8063016D1CF4D5310041D307 /* JTCalendarScrollManager.h */,
				8063016E1CF4D5310041D307 /* JTCalendarScrollManager.m */,
			);
			path = Managers;
			sourceTree = "<group>";
		};
		8063016F1CF4D5310041D307 /* Protocols */ = {
			isa = PBXGroup;
			children = (
				806301701CF4D5310041D307 /* JTCalendarDay.h */,
				806301711CF4D5310041D307 /* JTCalendarPage.h */,
				806301721CF4D5310041D307 /* JTCalendarWeek.h */,
				806301731CF4D5310041D307 /* JTCalendarWeekDay.h */,
				806301741CF4D5310041D307 /* JTContent.h */,
				806301751CF4D5310041D307 /* JTMenu.h */,
			);
			path = Protocols;
			sourceTree = "<group>";
		};
		806301761CF4D5310041D307 /* Views */ = {
			isa = PBXGroup;
			children = (
				806301771CF4D5310041D307 /* JTCalendarDayView.h */,
				806301781CF4D5310041D307 /* JTCalendarDayView.m */,
				806301791CF4D5310041D307 /* JTCalendarMenuView.h */,
				8063017A1CF4D5310041D307 /* JTCalendarMenuView.m */,
				8063017B1CF4D5310041D307 /* JTCalendarPageView.h */,
				8063017C1CF4D5310041D307 /* JTCalendarPageView.m */,
				8063017D1CF4D5310041D307 /* JTCalendarWeekDayView.h */,
				8063017E1CF4D5310041D307 /* JTCalendarWeekDayView.m */,
				8063017F1CF4D5310041D307 /* JTCalendarWeekView.h */,
				806301801CF4D5310041D307 /* JTCalendarWeekView.m */,
				806301811CF4D5310041D307 /* JTHorizontalCalendarView.h */,
				806301821CF4D5310041D307 /* JTHorizontalCalendarView.m */,
				806301831CF4D5310041D307 /* JTVerticalCalendarView.h */,
				806301841CF4D5310041D307 /* JTVerticalCalendarView.m */,
			);
			path = Views;
			sourceTree = "<group>";
		};
		806956601DD9DE1900A5F091 /* Libs */ = {
			isa = PBXGroup;
			children = (
				80FA30181CD25DD700B278E3 /* Realm.framework */,
				806301611CF4D5310041D307 /* JTCalendar */,
			);
			name = Libs;
			sourceTree = "<group>";
		};
		806956611DD9DE3000A5F091 /* Controllers */ = {
			isa = PBXGroup;
			children = (
				8063015F1CF4D4CC0041D307 /* Calendar */,
				8010DC6C1D4FDB18004093F1 /* DentalChart */,
				80F4B9341D41378900481CD9 /* Appointment */,
				80831A8F1D350BDE007D77C4 /* PatientNotesViewController */,
				803F7FE51D21C0B800D5EE4B /* AddPatientViewController */,
				809FE02D1D216D5A00F8416B /* PatientsViewController */,
				8015BB211CF599A10044E47C /* NewAppointmentViewController */,
				80EBD4561CC8160E003E4A5E /* MainViewController.h */,
				80EBD4571CC8160E003E4A5E /* MainViewController.m */,
				80EBD4591CC8160E003E4A5E /* SecondViewController.h */,
				80EBD45A1CC8160E003E4A5E /* SecondViewController.m */,
				80FA30151CD24DE700B278E3 /* ScheduleViewController.h */,
				80FA30161CD24DE700B278E3 /* ScheduleViewController.m */,
			);
			name = Controllers;
			path = ..;
			sourceTree = "<group>";
		};
		806956621DD9DE8200A5F091 /* Resources */ = {
			isa = PBXGroup;
			children = (
				806956631DD9DEB000A5F091 /* screen_structure.json */,
			);
			name = Resources;
			sourceTree = "<group>";
		};
		806956651DD9DFF600A5F091 /* RootToothViewController */ = {
			isa = PBXGroup;
			children = (
				806956671DD9E04C00A5F091 /* RootToothViewController.h */,
				806956681DD9E04C00A5F091 /* RootToothViewController.m */,
				8069566B1DD9E09C00A5F091 /* RootToothViewController.storyboard */,
			);
			name = RootToothViewController;
			sourceTree = "<group>";
		};
		806956661DD9E00E00A5F091 /* DentalChartViewController */ = {
			isa = PBXGroup;
			children = (
				8010DC741D4FDC36004093F1 /* ToothView */,
				8010DC6D1D4FDB51004093F1 /* RBDentalChartViewController.h */,
				8010DC6E1D4FDB51004093F1 /* RBDentalChartViewController.m */,
				8010DC701D4FDB60004093F1 /* RBDentalChartViewController.storyboard */,
			);
			name = DentalChartViewController;
			sourceTree = "<group>";
		};
		8069566D1DD9F3EC00A5F091 /* ToothScreenManager */ = {
			isa = PBXGroup;
			children = (
				806956871DDA124000A5F091 /* Screens */,
				8069567C1DDA03F800A5F091 /* Items */,
				8069566E1DD9F44200A5F091 /* RBScreenManager.h */,
				8069566F1DD9F44200A5F091 /* RBScreenManager.m */,
			);
			name = ToothScreenManager;
			sourceTree = "<group>";
		};
		8069567C1DDA03F800A5F091 /* Items */ = {
			isa = PBXGroup;
			children = (
				804363531DDE574B00ED3BCB /* ChoiseItem */,
				804363391DDDFA8500ED3BCB /* RBItem */,
				806956801DDA053400A5F091 /* ScreenItem */,
			);
			name = Items;
			sourceTree = "<group>";
		};
		806956801DDA053400A5F091 /* ScreenItem */ = {
			isa = PBXGroup;
			children = (
				804363331DDDF5AB00ED3BCB /* Cell */,
				8069567D1DDA041300A5F091 /* RBScreenItem.h */,
				8069567E1DDA041300A5F091 /* RBScreenItem.m */,
			);
			name = ScreenItem;
			sourceTree = "<group>";
		};
		806956871DDA124000A5F091 /* Screens */ = {
			isa = PBXGroup;
			children = (
				804363491DDE265900ED3BCB /* MultiChoiseScreen */,
				804363411DDE21FB00ED3BCB /* SimpleTableViewScreen */,
				804363401DDE21F300ED3BCB /* Screen */,
			);
			name = Screens;
			sourceTree = "<group>";
		};
		80759F101D462B0900BEF1B4 /* Cells */ = {
			isa = PBXGroup;
			children = (
				80759F141D462B5400BEF1B4 /* ProcedureTableViewCell.h */,
				80759F151D462B5400BEF1B4 /* ProcedureTableViewCell.m */,
				80759F161D462B5400BEF1B4 /* ProcedureTableViewCell.xib */,
			);
			name = Cells;
			sourceTree = "<group>";
		};
		80831A8F1D350BDE007D77C4 /* PatientNotesViewController */ = {
			isa = PBXGroup;
			children = (
				80831A901D350BFF007D77C4 /* PatientsNotesViewController.h */,
				80831A911D350BFF007D77C4 /* PatientsNotesViewController.m */,
				80831A931D350C23007D77C4 /* PatientNotesViewController.storyboard */,
			);
			name = PatientNotesViewController;
			path = DentalHelper;
			sourceTree = "<group>";
		};
		809FE0291D215CA100F8416B /* Utils */ = {
			isa = PBXGroup;
			children = (
				809FE02A1D215CB300F8416B /* Utils.h */,
				809FE02B1D215CB300F8416B /* Utils.m */,
			);
			name = Utils;
			sourceTree = "<group>";
		};
		809FE02D1D216D5A00F8416B /* PatientsViewController */ = {
			isa = PBXGroup;
			children = (
				809FE02E1D216D9E00F8416B /* PatientsViewController.h */,
				809FE02F1D216D9E00F8416B /* PatientsViewController.m */,
			);
			name = PatientsViewController;
			path = DentalHelper;
			sourceTree = "<group>";
		};
		80EBD4441CC8160E003E4A5E = {
			isa = PBXGroup;
			children = (
				806956621DD9DE8200A5F091 /* Resources */,
				806956601DD9DE1900A5F091 /* Libs */,
				80EBD44F1CC8160E003E4A5E /* DentalHelper */,
				80EBD46C1CC8160E003E4A5E /* DentalHelperTests */,
				80EBD4771CC8160E003E4A5E /* DentalHelperUITests */,
				80EBD44E1CC8160E003E4A5E /* Products */,
			);
			sourceTree = "<group>";
		};
		80EBD44E1CC8160E003E4A5E /* Products */ = {
			isa = PBXGroup;
			children = (
				80EBD44D1CC8160E003E4A5E /* DentalHelper.app */,
				80EBD4691CC8160E003E4A5E /* DentalHelperTests.xctest */,
				80EBD4741CC8160E003E4A5E /* DentalHelperUITests.xctest */,
			);
			name = Products;
			sourceTree = "<group>";
		};
		80EBD44F1CC8160E003E4A5E /* DentalHelper */ = {
			isa = PBXGroup;
			children = (
				8069566D1DD9F3EC00A5F091 /* ToothScreenManager */,
				806956611DD9DE3000A5F091 /* Controllers */,
				8015BB1D1CF597340044E47C /* Model */,
				809FE0291D215CA100F8416B /* Utils */,
				80EBD4531CC8160E003E4A5E /* AppDelegate.h */,
				80EBD4541CC8160E003E4A5E /* AppDelegate.m */,
				80EBD45C1CC8160E003E4A5E /* Main.storyboard */,
				80EBD45F1CC8160E003E4A5E /* Assets.xcassets */,
				80EBD4611CC8160E003E4A5E /* LaunchScreen.storyboard */,
				80EBD4641CC8160E003E4A5E /* Info.plist */,
				80EBD4501CC8160E003E4A5E /* Supporting Files */,
			);
			path = DentalHelper;
			sourceTree = "<group>";
		};
		80EBD4501CC8160E003E4A5E /* Supporting Files */ = {
			isa = PBXGroup;
			children = (
				80EBD4511CC8160E003E4A5E /* main.m */,
			);
			name = "Supporting Files";
			sourceTree = "<group>";
		};
		80EBD46C1CC8160E003E4A5E /* DentalHelperTests */ = {
			isa = PBXGroup;
			children = (
				80EBD46D1CC8160E003E4A5E /* DentalHelperTests.m */,
				80EBD46F1CC8160E003E4A5E /* Info.plist */,
				80759F191D463C3C00BEF1B4 /* ProceduresViewControllerTests.m */,
			);
			path = DentalHelperTests;
			sourceTree = "<group>";
		};
		80EBD4771CC8160E003E4A5E /* DentalHelperUITests */ = {
			isa = PBXGroup;
			children = (
				80EBD4781CC8160E003E4A5E /* DentalHelperUITests.m */,
				80EBD47A1CC8160E003E4A5E /* Info.plist */,
				80759F1C1D46432F00BEF1B4 /* ProceduresViewControllerUITests.m */,
			);
			path = DentalHelperUITests;
			sourceTree = "<group>";
		};
		80F4B9341D41378900481CD9 /* Appointment */ = {
			isa = PBXGroup;
			children = (
				8016E15F1D4A84BA00D760DF /* AppointmentDetailsViewController */,
				80F4B9351D41379100481CD9 /* AppointmentsViewController */,
			);
			name = Appointment;
			path = DentalHelper;
			sourceTree = "<group>";
		};
		80F4B9351D41379100481CD9 /* AppointmentsViewController */ = {
			isa = PBXGroup;
			children = (
				80759F101D462B0900BEF1B4 /* Cells */,
				80F4B9361D4137C200481CD9 /* AppointmentsTableViewController.h */,
				80F4B9371D4137C200481CD9 /* AppointmentsTableViewController.m */,
				80F4B9391D4137D700481CD9 /* AppointmentsTableViewController.storyboard */,
			);
			name = AppointmentsViewController;
			sourceTree = "<group>";
		};
/* End PBXGroup section */

/* Begin PBXNativeTarget section */
		80EBD44C1CC8160E003E4A5E /* DentalHelper */ = {
			isa = PBXNativeTarget;
			buildConfigurationList = 80EBD47D1CC8160E003E4A5E /* Build configuration list for PBXNativeTarget "DentalHelper" */;
			buildPhases = (
				80EBD4491CC8160E003E4A5E /* Sources */,
				80EBD44A1CC8160E003E4A5E /* Frameworks */,
				80EBD44B1CC8160E003E4A5E /* Resources */,
				8063015B1CF497770041D307 /* Embed Frameworks */,
			);
			buildRules = (
			);
			dependencies = (
			);
			name = DentalHelper;
			productName = DentalHelper;
			productReference = 80EBD44D1CC8160E003E4A5E /* DentalHelper.app */;
			productType = "com.apple.product-type.application";
		};
		80EBD4681CC8160E003E4A5E /* DentalHelperTests */ = {
			isa = PBXNativeTarget;
			buildConfigurationList = 80EBD4801CC8160E003E4A5E /* Build configuration list for PBXNativeTarget "DentalHelperTests" */;
			buildPhases = (
				80EBD4651CC8160E003E4A5E /* Sources */,
				80EBD4661CC8160E003E4A5E /* Frameworks */,
				80EBD4671CC8160E003E4A5E /* Resources */,
			);
			buildRules = (
			);
			dependencies = (
				80EBD46B1CC8160E003E4A5E /* PBXTargetDependency */,
			);
			name = DentalHelperTests;
			productName = DentalHelperTests;
			productReference = 80EBD4691CC8160E003E4A5E /* DentalHelperTests.xctest */;
			productType = "com.apple.product-type.bundle.unit-test";
		};
		80EBD4731CC8160E003E4A5E /* DentalHelperUITests */ = {
			isa = PBXNativeTarget;
			buildConfigurationList = 80EBD4831CC8160E003E4A5E /* Build configuration list for PBXNativeTarget "DentalHelperUITests" */;
			buildPhases = (
				80EBD4701CC8160E003E4A5E /* Sources */,
				80EBD4711CC8160E003E4A5E /* Frameworks */,
				80EBD4721CC8160E003E4A5E /* Resources */,
			);
			buildRules = (
			);
			dependencies = (
				80EBD4761CC8160E003E4A5E /* PBXTargetDependency */,
			);
			name = DentalHelperUITests;
			productName = DentalHelperUITests;
			productReference = 80EBD4741CC8160E003E4A5E /* DentalHelperUITests.xctest */;
			productType = "com.apple.product-type.bundle.ui-testing";
		};
/* End PBXNativeTarget section */

/* Begin PBXProject section */
		80EBD4451CC8160E003E4A5E /* Project object */ = {
			isa = PBXProject;
			attributes = {
				LastUpgradeCheck = 0800;
				ORGANIZATIONNAME = "Roman Bugaian";
				TargetAttributes = {
					80EBD44C1CC8160E003E4A5E = {
						CreatedOnToolsVersion = 7.3;
						DevelopmentTeam = 54MM8888KF;
						ProvisioningStyle = Automatic;
					};
					80EBD4681CC8160E003E4A5E = {
						CreatedOnToolsVersion = 7.3;
						TestTargetID = 80EBD44C1CC8160E003E4A5E;
					};
					80EBD4731CC8160E003E4A5E = {
						CreatedOnToolsVersion = 7.3;
						TestTargetID = 80EBD44C1CC8160E003E4A5E;
					};
				};
			};
			buildConfigurationList = 80EBD4481CC8160E003E4A5E /* Build configuration list for PBXProject "DentalHelper" */;
			compatibilityVersion = "Xcode 3.2";
			developmentRegion = English;
			hasScannedForEncodings = 0;
			knownRegions = (
				en,
				Base,
			);
			mainGroup = 80EBD4441CC8160E003E4A5E;
			productRefGroup = 80EBD44E1CC8160E003E4A5E /* Products */;
			projectDirPath = "";
			projectRoot = "";
			targets = (
				80EBD44C1CC8160E003E4A5E /* DentalHelper */,
				80EBD4681CC8160E003E4A5E /* DentalHelperTests */,
				80EBD4731CC8160E003E4A5E /* DentalHelperUITests */,
			);
		};
/* End PBXProject section */

/* Begin PBXResourcesBuildPhase section */
		80EBD44B1CC8160E003E4A5E /* Resources */ = {
			isa = PBXResourcesBuildPhase;
			buildActionMask = 2147483647;
			files = (
				8010DC711D4FDB60004093F1 /* RBDentalChartViewController.storyboard in Resources */,
				80EBD4631CC8160E003E4A5E /* LaunchScreen.storyboard in Resources */,
				804363521DDE517A00ED3BCB /* RBMultiChoiseScreenViewController.storyboard in Resources */,
				80A1C7491D67514E004FD4C7 /* RBBottomToothView.xib in Resources */,
				8043635B1DDE579200ED3BCB /* RBChoiseItemTableViewCell.xib in Resources */,
				804363481DDE226200ED3BCB /* RBScreenViewController.storyboard in Resources */,
				80EBD4601CC8160E003E4A5E /* Assets.xcassets in Resources */,
				8010DC7C1D4FDC6E004093F1 /* RBTopToothView.xib in Resources */,
				806956641DD9DEB000A5F091 /* screen_structure.json in Resources */,
				806956761DDA013800A5F091 /* RBSimpleTableViewController.storyboard in Resources */,
				80759F181D462B5400BEF1B4 /* ProcedureTableViewCell.xib in Resources */,
				8069566C1DD9E09C00A5F091 /* RootToothViewController.storyboard in Resources */,
				80F4B93A1D4137D700481CD9 /* AppointmentsTableViewController.storyboard in Resources */,
				8016E1641D4A8BA700D760DF /* RBAppointmentDetailsViewController.storyboard in Resources */,
				80831A941D350C23007D77C4 /* PatientNotesViewController.storyboard in Resources */,
				80EBD45E1CC8160E003E4A5E /* Main.storyboard in Resources */,
				804363381DDDF5DE00ED3BCB /* RBScreenItemTableViewCell.xib in Resources */,
				8043633F1DDDFAA100ED3BCB /* RBItemTableViewCell.xib in Resources */,
				803F7FEA1D21C0E500D5EE4B /* AddPatientViewController.storyboard in Resources */,
			);
			runOnlyForDeploymentPostprocessing = 0;
		};
		80EBD4671CC8160E003E4A5E /* Resources */ = {
			isa = PBXResourcesBuildPhase;
			buildActionMask = 2147483647;
			files = (
			);
			runOnlyForDeploymentPostprocessing = 0;
		};
		80EBD4721CC8160E003E4A5E /* Resources */ = {
			isa = PBXResourcesBuildPhase;
			buildActionMask = 2147483647;
			files = (
			);
			runOnlyForDeploymentPostprocessing = 0;
		};
/* End PBXResourcesBuildPhase section */

/* Begin PBXSourcesBuildPhase section */
		80EBD4491CC8160E003E4A5E /* Sources */ = {
			isa = PBXSourcesBuildPhase;
			buildActionMask = 2147483647;
			files = (
				806301871CF4D5310041D307 /* JTDateHelper.m in Sources */,
				806956731DD9F48F00A5F091 /* RBScreen.m in Sources */,
				8010DC7A1D4FDC63004093F1 /* RBTopToothView.m in Sources */,
				8015BB201CF5976A0044E47C /* Appointment.m in Sources */,
				804363461DDE225200ED3BCB /* RBScreenViewController.m in Sources */,
				8069567F1DDA041300A5F091 /* RBScreenItem.m in Sources */,
				806956831DDA054B00A5F091 /* RBItem.m in Sources */,
				809FE0331D216EC300F8416B /* Patient.m in Sources */,
				80F4B9381D4137C200481CD9 /* AppointmentsTableViewController.m in Sources */,
				806956691DD9E04C00A5F091 /* RootToothViewController.m in Sources */,
				806301861CF4D5310041D307 /* JTCalendarSettings.m in Sources */,
				804363371DDDF5DE00ED3BCB /* RBScreenItemTableViewCell.m in Sources */,
				806301881CF4D5310041D307 /* JTCalendarDelegateManager.m in Sources */,
				80759F171D462B5400BEF1B4 /* ProcedureTableViewCell.m in Sources */,
				8063018A1CF4D5310041D307 /* JTCalendarDayView.m in Sources */,
				804363561DDE576E00ED3BCB /* RBChoiseItem.m in Sources */,
				806956861DDA108800A5F091 /* RBSimpleTableViewScreen.m in Sources */,
				8015BB241CF599C50044E47C /* NewAppointmentViewController.m in Sources */,
				8063018B1CF4D5310041D307 /* JTCalendarMenuView.m in Sources */,
				8043634C1DDE268500ED3BCB /* RBMultichoiseScreen.m in Sources */,
				80EBD45B1CC8160E003E4A5E /* SecondViewController.m in Sources */,
				806301901CF4D5310041D307 /* JTVerticalCalendarView.m in Sources */,
				806956701DD9F44200A5F091 /* RBScreenManager.m in Sources */,
				803F7FE81D21C0D400D5EE4B /* AddPatientViewController.m in Sources */,
				8069567B1DDA01DC00A5F091 /* RBSimpleTableViewController.m in Sources */,
				8043634F1DDE515F00ED3BCB /* RBMultiChoiseScreenTableViewController.m in Sources */,
				8043635A1DDE579200ED3BCB /* RBChoiseItemTableViewCell.m in Sources */,
				8063018D1CF4D5310041D307 /* JTCalendarWeekDayView.m in Sources */,
				80831A921D350BFF007D77C4 /* PatientsNotesViewController.m in Sources */,
				80EBD4551CC8160E003E4A5E /* AppDelegate.m in Sources */,
				80FA30171CD24DE700B278E3 /* ScheduleViewController.m in Sources */,
				809FE02C1D215CB300F8416B /* Utils.m in Sources */,
				806301851CF4D5310041D307 /* JTCalendarManager.m in Sources */,
				80EBD4581CC8160E003E4A5E /* MainViewController.m in Sources */,
				8063015E1CF4D4C10041D307 /* CalendarViewController.m in Sources */,
				8043633E1DDDFAA100ED3BCB /* RBItemTableViewCell.m in Sources */,
				809FE0301D216D9E00F8416B /* PatientsViewController.m in Sources */,
				8010DC6F1D4FDB51004093F1 /* RBDentalChartViewController.m in Sources */,
				8063018C1CF4D5310041D307 /* JTCalendarPageView.m in Sources */,
				806301891CF4D5310041D307 /* JTCalendarScrollManager.m in Sources */,
				80A1C7471D67513B004FD4C7 /* RBBottomToothView.m in Sources */,
				8063018E1CF4D5310041D307 /* JTCalendarWeekView.m in Sources */,
				80EBD4521CC8160E003E4A5E /* main.m in Sources */,
				8063018F1CF4D5310041D307 /* JTHorizontalCalendarView.m in Sources */,
				8016E1621D4A8B9300D760DF /* RBAppointmentDetailsViewController.m in Sources */,
			);
			runOnlyForDeploymentPostprocessing = 0;
		};
		80EBD4651CC8160E003E4A5E /* Sources */ = {
			isa = PBXSourcesBuildPhase;
			buildActionMask = 2147483647;
			files = (
				80759F1A1D463C3C00BEF1B4 /* ProceduresViewControllerTests.m in Sources */,
				80EBD46E1CC8160E003E4A5E /* DentalHelperTests.m in Sources */,
			);
			runOnlyForDeploymentPostprocessing = 0;
		};
		80EBD4701CC8160E003E4A5E /* Sources */ = {
			isa = PBXSourcesBuildPhase;
			buildActionMask = 2147483647;
			files = (
				80759F1D1D46432F00BEF1B4 /* ProceduresViewControllerUITests.m in Sources */,
				80EBD4791CC8160E003E4A5E /* DentalHelperUITests.m in Sources */,
			);
			runOnlyForDeploymentPostprocessing = 0;
		};
/* End PBXSourcesBuildPhase section */

/* Begin PBXTargetDependency section */
		80EBD46B1CC8160E003E4A5E /* PBXTargetDependency */ = {
			isa = PBXTargetDependency;
			target = 80EBD44C1CC8160E003E4A5E /* DentalHelper */;
			targetProxy = 80EBD46A1CC8160E003E4A5E /* PBXContainerItemProxy */;
		};
		80EBD4761CC8160E003E4A5E /* PBXTargetDependency */ = {
			isa = PBXTargetDependency;
			target = 80EBD44C1CC8160E003E4A5E /* DentalHelper */;
			targetProxy = 80EBD4751CC8160E003E4A5E /* PBXContainerItemProxy */;
		};
/* End PBXTargetDependency section */

/* Begin PBXVariantGroup section */
		80EBD45C1CC8160E003E4A5E /* Main.storyboard */ = {
			isa = PBXVariantGroup;
			children = (
				80EBD45D1CC8160E003E4A5E /* Base */,
			);
			name = Main.storyboard;
			sourceTree = "<group>";
		};
		80EBD4611CC8160E003E4A5E /* LaunchScreen.storyboard */ = {
			isa = PBXVariantGroup;
			children = (
				80EBD4621CC8160E003E4A5E /* Base */,
			);
			name = LaunchScreen.storyboard;
			sourceTree = "<group>";
		};
/* End PBXVariantGroup section */

/* Begin XCBuildConfiguration section */
		80EBD47B1CC8160E003E4A5E /* Debug */ = {
			isa = XCBuildConfiguration;
			buildSettings = {
				ALWAYS_SEARCH_USER_PATHS = NO;
				CLANG_ANALYZER_NONNULL = YES;
				CLANG_CXX_LANGUAGE_STANDARD = "gnu++0x";
				CLANG_CXX_LIBRARY = "libc++";
				CLANG_ENABLE_MODULES = YES;
				CLANG_ENABLE_OBJC_ARC = YES;
				CLANG_WARN_BOOL_CONVERSION = YES;
				CLANG_WARN_CONSTANT_CONVERSION = YES;
				CLANG_WARN_DIRECT_OBJC_ISA_USAGE = YES_ERROR;
				CLANG_WARN_EMPTY_BODY = YES;
				CLANG_WARN_ENUM_CONVERSION = YES;
				CLANG_WARN_INFINITE_RECURSION = YES;
				CLANG_WARN_INT_CONVERSION = YES;
				CLANG_WARN_OBJC_ROOT_CLASS = YES_ERROR;
				CLANG_WARN_SUSPICIOUS_MOVE = YES;
				CLANG_WARN_UNREACHABLE_CODE = YES;
				CLANG_WARN__DUPLICATE_METHOD_MATCH = YES;
				CODE_SIGN_IDENTITY = "iPhone Developer";
				"CODE_SIGN_IDENTITY[sdk=iphoneos*]" = "iPhone Developer";
				COPY_PHASE_STRIP = NO;
				DEBUG_INFORMATION_FORMAT = dwarf;
				ENABLE_STRICT_OBJC_MSGSEND = YES;
				ENABLE_TESTABILITY = YES;
				GCC_C_LANGUAGE_STANDARD = gnu99;
				GCC_DYNAMIC_NO_PIC = NO;
				GCC_NO_COMMON_BLOCKS = YES;
				GCC_OPTIMIZATION_LEVEL = 0;
				GCC_PREPROCESSOR_DEFINITIONS = (
					"DEBUG=1",
					"$(inherited)",
				);
				GCC_WARN_64_TO_32_BIT_CONVERSION = YES;
				GCC_WARN_ABOUT_RETURN_TYPE = YES_ERROR;
				GCC_WARN_UNDECLARED_SELECTOR = YES;
				GCC_WARN_UNINITIALIZED_AUTOS = YES_AGGRESSIVE;
				GCC_WARN_UNUSED_FUNCTION = YES;
				GCC_WARN_UNUSED_VARIABLE = YES;
				IPHONEOS_DEPLOYMENT_TARGET = 9.3;
				MTL_ENABLE_DEBUG_INFO = YES;
				ONLY_ACTIVE_ARCH = YES;
				PROVISIONING_PROFILE = "";
				SDKROOT = iphoneos;
				TARGETED_DEVICE_FAMILY = "1,2";
			};
			name = Debug;
		};
		80EBD47C1CC8160E003E4A5E /* Release */ = {
			isa = XCBuildConfiguration;
			buildSettings = {
				ALWAYS_SEARCH_USER_PATHS = NO;
				CLANG_ANALYZER_NONNULL = YES;
				CLANG_CXX_LANGUAGE_STANDARD = "gnu++0x";
				CLANG_CXX_LIBRARY = "libc++";
				CLANG_ENABLE_MODULES = YES;
				CLANG_ENABLE_OBJC_ARC = YES;
				CLANG_WARN_BOOL_CONVERSION = YES;
				CLANG_WARN_CONSTANT_CONVERSION = YES;
				CLANG_WARN_DIRECT_OBJC_ISA_USAGE = YES_ERROR;
				CLANG_WARN_EMPTY_BODY = YES;
				CLANG_WARN_ENUM_CONVERSION = YES;
				CLANG_WARN_INFINITE_RECURSION = YES;
				CLANG_WARN_INT_CONVERSION = YES;
				CLANG_WARN_OBJC_ROOT_CLASS = YES_ERROR;
				CLANG_WARN_SUSPICIOUS_MOVE = YES;
				CLANG_WARN_UNREACHABLE_CODE = YES;
				CLANG_WARN__DUPLICATE_METHOD_MATCH = YES;
				CODE_SIGN_IDENTITY = "iPhone Developer";
				"CODE_SIGN_IDENTITY[sdk=iphoneos*]" = "iPhone Developer";
				COPY_PHASE_STRIP = NO;
				DEBUG_INFORMATION_FORMAT = "dwarf-with-dsym";
				ENABLE_NS_ASSERTIONS = NO;
				ENABLE_STRICT_OBJC_MSGSEND = YES;
				GCC_C_LANGUAGE_STANDARD = gnu99;
				GCC_NO_COMMON_BLOCKS = YES;
				GCC_WARN_64_TO_32_BIT_CONVERSION = YES;
				GCC_WARN_ABOUT_RETURN_TYPE = YES_ERROR;
				GCC_WARN_UNDECLARED_SELECTOR = YES;
				GCC_WARN_UNINITIALIZED_AUTOS = YES_AGGRESSIVE;
				GCC_WARN_UNUSED_FUNCTION = YES;
				GCC_WARN_UNUSED_VARIABLE = YES;
				IPHONEOS_DEPLOYMENT_TARGET = 9.3;
				MTL_ENABLE_DEBUG_INFO = NO;
				PROVISIONING_PROFILE = "";
				SDKROOT = iphoneos;
				TARGETED_DEVICE_FAMILY = "1,2";
				VALIDATE_PRODUCT = YES;
			};
			name = Release;
		};
		80EBD47E1CC8160E003E4A5E /* Debug */ = {
			isa = XCBuildConfiguration;
			buildSettings = {
				ASSETCATALOG_COMPILER_APPICON_NAME = AppIcon;
				CODE_SIGN_IDENTITY = "";
				"CODE_SIGN_IDENTITY[sdk=iphoneos*]" = "iPhone Developer";
				DEVELOPMENT_TEAM = 54MM8888KF;
				FRAMEWORK_SEARCH_PATHS = (
					"$(inherited)",
					"$(PROJECT_DIR)/Carthage/Build/iOS",
				);
				INFOPLIST_FILE = DentalHelper/Info.plist;
				LD_RUNPATH_SEARCH_PATHS = "$(inherited) @executable_path/Frameworks";
				PRODUCT_BUNDLE_IDENTIFIER = xyz.rbugaian.test;
				PRODUCT_NAME = "$(TARGET_NAME)";
				PROVISIONING_PROFILE = "";
				PROVISIONING_PROFILE_SPECIFIER = "";
			};
			name = Debug;
		};
		80EBD47F1CC8160E003E4A5E /* Release */ = {
			isa = XCBuildConfiguration;
			buildSettings = {
				ASSETCATALOG_COMPILER_APPICON_NAME = AppIcon;
				CODE_SIGN_IDENTITY = "";
				"CODE_SIGN_IDENTITY[sdk=iphoneos*]" = "iPhone Developer";
				DEVELOPMENT_TEAM = 54MM8888KF;
				FRAMEWORK_SEARCH_PATHS = (
					"$(inherited)",
					"$(PROJECT_DIR)/Carthage/Build/iOS",
				);
				INFOPLIST_FILE = DentalHelper/Info.plist;
				LD_RUNPATH_SEARCH_PATHS = "$(inherited) @executable_path/Frameworks";
				PRODUCT_BUNDLE_IDENTIFIER = xyz.rbugaian.test;
				PRODUCT_NAME = "$(TARGET_NAME)";
				PROVISIONING_PROFILE = "";
			};
			name = Release;
		};
		80EBD4811CC8160E003E4A5E /* Debug */ = {
			isa = XCBuildConfiguration;
			buildSettings = {
				BUNDLE_LOADER = "$(TEST_HOST)";
				FRAMEWORK_SEARCH_PATHS = (
					"$(inherited)",
					"$(PROJECT_DIR)/Carthage/Build/iOS",
				);
				INFOPLIST_FILE = DentalHelperTests/Info.plist;
				LD_RUNPATH_SEARCH_PATHS = "$(inherited) @executable_path/Frameworks @loader_path/Frameworks";
				PRODUCT_BUNDLE_IDENTIFIER = xyz.rbugaian.DentalHelperTests;
				PRODUCT_NAME = "$(TARGET_NAME)";
				TEST_HOST = "$(BUILT_PRODUCTS_DIR)/DentalHelper.app/DentalHelper";
			};
			name = Debug;
		};
		80EBD4821CC8160E003E4A5E /* Release */ = {
			isa = XCBuildConfiguration;
			buildSettings = {
				BUNDLE_LOADER = "$(TEST_HOST)";
				FRAMEWORK_SEARCH_PATHS = (
					"$(inherited)",
					"$(PROJECT_DIR)/Carthage/Build/iOS",
				);
				INFOPLIST_FILE = DentalHelperTests/Info.plist;
				LD_RUNPATH_SEARCH_PATHS = "$(inherited) @executable_path/Frameworks @loader_path/Frameworks";
				PRODUCT_BUNDLE_IDENTIFIER = xyz.rbugaian.DentalHelperTests;
				PRODUCT_NAME = "$(TARGET_NAME)";
				TEST_HOST = "$(BUILT_PRODUCTS_DIR)/DentalHelper.app/DentalHelper";
			};
			name = Release;
		};
		80EBD4841CC8160E003E4A5E /* Debug */ = {
			isa = XCBuildConfiguration;
			buildSettings = {
				FRAMEWORK_SEARCH_PATHS = (
					"$(inherited)",
					"$(PROJECT_DIR)/Carthage/Build/iOS",
				);
				INFOPLIST_FILE = DentalHelperUITests/Info.plist;
				LD_RUNPATH_SEARCH_PATHS = "$(inherited) @executable_path/Frameworks @loader_path/Frameworks";
				PRODUCT_BUNDLE_IDENTIFIER = xyz.rbugaian.DentalHelperUITests;
				PRODUCT_NAME = "$(TARGET_NAME)";
				TEST_TARGET_NAME = DentalHelper;
			};
			name = Debug;
		};
		80EBD4851CC8160E003E4A5E /* Release */ = {
			isa = XCBuildConfiguration;
			buildSettings = {
				FRAMEWORK_SEARCH_PATHS = (
					"$(inherited)",
					"$(PROJECT_DIR)/Carthage/Build/iOS",
				);
				INFOPLIST_FILE = DentalHelperUITests/Info.plist;
				LD_RUNPATH_SEARCH_PATHS = "$(inherited) @executable_path/Frameworks @loader_path/Frameworks";
				PRODUCT_BUNDLE_IDENTIFIER = xyz.rbugaian.DentalHelperUITests;
				PRODUCT_NAME = "$(TARGET_NAME)";
				TEST_TARGET_NAME = DentalHelper;
			};
			name = Release;
		};
/* End XCBuildConfiguration section */

/* Begin XCConfigurationList section */
		80EBD4481CC8160E003E4A5E /* Build configuration list for PBXProject "DentalHelper" */ = {
			isa = XCConfigurationList;
			buildConfigurations = (
				80EBD47B1CC8160E003E4A5E /* Debug */,
				80EBD47C1CC8160E003E4A5E /* Release */,
			);
			defaultConfigurationIsVisible = 0;
			defaultConfigurationName = Release;
		};
		80EBD47D1CC8160E003E4A5E /* Build configuration list for PBXNativeTarget "DentalHelper" */ = {
			isa = XCConfigurationList;
			buildConfigurations = (
				80EBD47E1CC8160E003E4A5E /* Debug */,
				80EBD47F1CC8160E003E4A5E /* Release */,
			);
			defaultConfigurationIsVisible = 0;
			defaultConfigurationName = Release;
		};
		80EBD4801CC8160E003E4A5E /* Build configuration list for PBXNativeTarget "DentalHelperTests" */ = {
			isa = XCConfigurationList;
			buildConfigurations = (
				80EBD4811CC8160E003E4A5E /* Debug */,
				80EBD4821CC8160E003E4A5E /* Release */,
			);
			defaultConfigurationIsVisible = 0;
			defaultConfigurationName = Release;
		};
		80EBD4831CC8160E003E4A5E /* Build configuration list for PBXNativeTarget "DentalHelperUITests" */ = {
			isa = XCConfigurationList;
			buildConfigurations = (
				80EBD4841CC8160E003E4A5E /* Debug */,
				80EBD4851CC8160E003E4A5E /* Release */,
			);
			defaultConfigurationIsVisible = 0;
			defaultConfigurationName = Release;
		};
/* End XCConfigurationList section */
	};
	rootObject = 80EBD4451CC8160E003E4A5E /* Project object */;
}
